
Microsoft Visual Studio Solution File, Format Version 12.00
# Visual Studio 2013
VisualStudioVersion = 12.0.31101.0
MinimumVisualStudioVersion = 10.0.40219.1
Project("{FAE04EC0-301F-11D3-BF4B-00C04F79EFBC}") = "XElementParser", "XElementParser\XElementParser.csproj", "{4089D041-719A-4CAB-BE5F-70D52AFE3FBB}"
EndProject
Project("{2150E333-8FDC-42A3-9474-1A3956D46DE8}") = "Tests", "Tests", "{D06398BC-C73D-4EC0-821D-DB07CC83FE32}"
EndProject
Project("{FAE04EC0-301F-11D3-BF4B-00C04F79EFBC}") = "XElementDynamicParserTest", "tests\XElementDynamicParserTest\XElementDynamicParserTest.csproj", "{93B09F21-04F2-4900-8654-46EF0F1D9040}"
EndProject
Global
	GlobalSection(SolutionConfigurationPlatforms) = preSolution
		Debug|Any CPU = Debug|Any CPU
		Release|Any CPU = Release|Any CPU
	EndGlobalSection
	GlobalSection(ProjectConfigurationPlatforms) = postSolution
		{4089D041-719A-4CAB-BE5F-70D52AFE3FBB}.Debug|Any CPU.ActiveCfg = Debug|Any CPU
		{4089D041-719A-4CAB-BE5F-70D52AFE3FBB}.Debug|Any CPU.Build.0 = Debug|Any CPU
		{4089D041-719A-4CAB-BE5F-70D52AFE3FBB}.Release|Any CPU.ActiveCfg = Release|Any CPU
		{4089D041-719A-4CAB-BE5F-70D52AFE3FBB}.Release|Any CPU.Build.0 = Release|Any CPU
		{93B09F21-04F2-4900-8654-46EF0F1D9040}.Debug|Any CPU.ActiveCfg = Debug|Any CPU
		{93B09F21-04F2-4900-8654-46EF0F1D9040}.Debug|Any CPU.Build.0 = Debug|Any CPU
		{93B09F21-04F2-4900-8654-46EF0F1D9040}.Release|Any CPU.ActiveCfg = Release|Any CPU
		{93B09F21-04F2-4900-8654-46EF0F1D9040}.Release|Any CPU.Build.0 = Release|Any CPU
	EndGlobalSection
	GlobalSection(SolutionProperties) = preSolution
		HideSolutionNode = FALSE
	EndGlobalSection
	GlobalSection(NestedProjects) = preSolution
		{93B09F21-04F2-4900-8654-46EF0F1D9040} = {D06398BC-C73D-4EC0-821D-DB07CC83FE32}
	EndGlobalSection
EndGlobal
